
Microsoft Visual Studio Solution File, Format Version 12.00
Project("{FAE04EC0-301F-11D3-BF4B-00C04F79EFBC}") = "DotNet8.WolvesAndRabbits", "DotNet8.WolvesAndRabbits\DotNet8.WolvesAndRabbits.csproj", "{E8B0BBF2-671E-4A3E-A0EA-08CE86CBE19E}"
EndProject
Project("{FAE04EC0-301F-11D3-BF4B-00C04F79EFBC}") = "DotNet8.WolvesAndRabbits.Tests", "DotNet8.WolvesAndRabbits.Tests\DotNet8.WolvesAndRabbits.Tests.csproj", "{3C069923-CE5E-4654-B985-1E12CC1548F3}"
EndProject
Project("{FAE04EC0-301F-11D3-BF4B-00C04F79EFBC}") = "DotNet8.WolvesAndRabbits.Web", "DotNet8.WolvesAndRabbits.Web\DotNet8.WolvesAndRabbits.Web.csproj", "{FACF8105-AF4F-4E44-8668-FBAF39416C24}"
EndProject
Project("{FAE04EC0-301F-11D3-BF4B-00C04F79EFBC}") = "DotNet8.WolvesAndRabbits.Measure", "DotNet8.WolvesAndRabbits.Measure\DotNet8.WolvesAndRabbits.Measure.csproj", "{5E40A479-EB0E-4C87-B801-48B257880CA5}"
EndProject
Global
	GlobalSection(SolutionConfigurationPlatforms) = preSolution
		Debug|Any CPU = Debug|Any CPU
		Release|Any CPU = Release|Any CPU
	EndGlobalSection
	GlobalSection(ProjectConfigurationPlatforms) = postSolution
		{E8B0BBF2-671E-4A3E-A0EA-08CE86CBE19E}.Debug|Any CPU.ActiveCfg = Debug|Any CPU
		{E8B0BBF2-671E-4A3E-A0EA-08CE86CBE19E}.Debug|Any CPU.Build.0 = Debug|Any CPU
		{E8B0BBF2-671E-4A3E-A0EA-08CE86CBE19E}.Release|Any CPU.ActiveCfg = Release|Any CPU
		{E8B0BBF2-671E-4A3E-A0EA-08CE86CBE19E}.Release|Any CPU.Build.0 = Release|Any CPU
		{3C069923-CE5E-4654-B985-1E12CC1548F3}.Debug|Any CPU.ActiveCfg = Debug|Any CPU
		{3C069923-CE5E-4654-B985-1E12CC1548F3}.Debug|Any CPU.Build.0 = Debug|Any CPU
		{3C069923-CE5E-4654-B985-1E12CC1548F3}.Release|Any CPU.ActiveCfg = Release|Any CPU
		{3C069923-CE5E-4654-B985-1E12CC1548F3}.Release|Any CPU.Build.0 = Release|Any CPU
		{FACF8105-AF4F-4E44-8668-FBAF39416C24}.Debug|Any CPU.ActiveCfg = Debug|Any CPU
		{FACF8105-AF4F-4E44-8668-FBAF39416C24}.Debug|Any CPU.Build.0 = Debug|Any CPU
		{FACF8105-AF4F-4E44-8668-FBAF39416C24}.Release|Any CPU.ActiveCfg = Release|Any CPU
		{FACF8105-AF4F-4E44-8668-FBAF39416C24}.Release|Any CPU.Build.0 = Release|Any CPU
		{5E40A479-EB0E-4C87-B801-48B257880CA5}.Debug|Any CPU.ActiveCfg = Debug|Any CPU
		{5E40A479-EB0E-4C87-B801-48B257880CA5}.Debug|Any CPU.Build.0 = Debug|Any CPU
		{5E40A479-EB0E-4C87-B801-48B257880CA5}.Release|Any CPU.ActiveCfg = Release|Any CPU
		{5E40A479-EB0E-4C87-B801-48B257880CA5}.Release|Any CPU.Build.0 = Release|Any CPU
	EndGlobalSection
EndGlobal
